{
  "name": "tokvera-node-sdk-example",
  "version": "0.0.1",
  "lockfileVersion": 3,
  "requires": true,
  "packages": {
    "": {
      "name": "tokvera-node-sdk-example",
      "version": "0.0.1",
      "dependencies": {
        "@tokvera/sdk": "0.2.8"
      }
    },
    "node_modules/@tokvera/sdk": {
      "version": "0.2.8",
      "resolved": "https://registry.npmjs.org/@tokvera/sdk/-/sdk-0.2.8.tgz",
      "integrity": "sha512-9SKlPbgJaGWDz8PSlSYz/xQIZnTWGuuHRs1r7Ao5JchJ625R/1bdyx6aOMZ/uVcN6qHCOSVlT2YuZbQSnZ9dbg==",
      "license": "MIT"
    }
  }
}
