{
  "name": "tokvera-node-example",
  "version": "0.0.1",
  "lockfileVersion": 3,
  "requires": true,
  "packages": {
    "": {
      "name": "tokvera-node-example",
      "version": "0.0.1",
      "dependencies": {
        "@tokvera/sdk": "^0.2.3"
      }
    },
    "node_modules/@tokvera/sdk": {
      "version": "0.2.3",
      "resolved": "https://registry.npmjs.org/@tokvera/sdk/-/sdk-0.2.3.tgz",
      "integrity": "sha512-jr8RioEO6z8uPznx63KnTld3YYP5bI7/bcT89svfTfLMHG9ElRpDJH6/kluFk9i4XHJhev8B5/Je5h57j8Nefg==",
      "license": "MIT"
    }
  }
}
