{
  "name": "tokvera-node-example",
  "version": "0.0.1",
  "lockfileVersion": 3,
  "requires": true,
  "packages": {
    "": {
      "name": "tokvera-node-example",
      "version": "0.0.1",
      "dependencies": {
        "@tokvera/sdk": "^0.2.9"
      }
    },
    "node_modules/@tokvera/sdk": {
      "version": "0.2.9",
      "resolved": "https://registry.npmjs.org/@tokvera/sdk/-/sdk-0.2.9.tgz",
      "integrity": "sha512-v/JMvL86dFvS6NxEY5Eu6kGpO/KqoL5fEzIfqYTl1aXVGCbanCRouUK1QfPu75KoIMJyzzlEg4MFzGGxy7Xb/A==",
      "license": "MIT"
    }
  }
}
