{
  "name": "tokvera-node-example",
  "version": "0.0.1",
  "lockfileVersion": 3,
  "requires": true,
  "packages": {
    "": {
      "name": "tokvera-node-example",
      "version": "0.0.1",
      "dependencies": {
        "@tokvera/sdk": "^0.2.2"
      }
    },
    "node_modules/@tokvera/sdk": {
      "version": "0.2.2",
      "resolved": "https://registry.npmjs.org/@tokvera/sdk/-/sdk-0.2.2.tgz",
      "integrity": "sha512-mMK2V9hz7R83gmh9jDQuJhECQ2HgmwryKUd9YxhZ2b2Cq6nud/8VHJ/TVZIAB/6reCblxgV7t0FsKK2cNZvspw==",
      "license": "MIT"
    }
  }
}
